
Microsoft Visual Studio Solution File, Format Version 12.00
# Visual Studio Version 17
VisualStudioVersion = 17.0.31919.166
MinimumVisualStudioVersion = 10.0.40219.1
Project("{9A19103F-16F7-4668-BE54-9A1E7A4F7556}") = "HomeApp", "HomeApp.csproj", "{50B378D4-3D3A-42AB-B62B-BAC4B04D4D5F}"
EndProject
Global
	GlobalSection(SolutionConfigurationPlatforms) = preSolution
		Debug|Any CPU = Debug|Any CPU
		Release|Any CPU = Release|Any CPU
	EndGlobalSection
	GlobalSection(ProjectConfigurationPlatforms) = postSolution
		{50B378D4-3D3A-42AB-B62B-BAC4B04D4D5F}.Debug|Any CPU.ActiveCfg = Debug|Any CPU
		{50B378D4-3D3A-42AB-B62B-BAC4B04D4D5F}.Debug|Any CPU.Build.0 = Debug|Any CPU
		{50B378D4-3D3A-42AB-B62B-BAC4B04D4D5F}.Release|Any CPU.ActiveCfg = Release|Any CPU
		{50B378D4-3D3A-42AB-B62B-BAC4B04D4D5F}.Release|Any CPU.Build.0 = Release|Any CPU
	EndGlobalSection
	GlobalSection(SolutionProperties) = preSolution
		HideSolutionNode = FALSE
	EndGlobalSection
	GlobalSection(ExtensibilityGlobals) = postSolution
		SolutionGuid = {B095132E-3153-4BD0-9301-087C9F26A12A}
	EndGlobalSection
EndGlobal
